// !$*UTF8*$!
{
	archiveVersion = 1;
	classes = {
	};
	objectVersion = 50;
	objects = {

/* Begin PBXBuildFile section */
		339CE1A721140A23003C3FE5 /* functionaryConfig.json in Resources */ = {isa = PBXBuildFile; fileRef = 339CE1A521140A23003C3FE5 /* functionaryConfig.json */; };
		339CE1A821140A23003C3FE5 /* houseConfig.json in Resources */ = {isa = PBXBuildFile; fileRef = 339CE1A621140A23003C3FE5 /* houseConfig.json */; };
		685EB7442121F34D00A5A4ED /* button_bg_disabled@2x.png in Resources */ = {isa = PBXBuildFile; fileRef = 685EB7432121F34D00A5A4ED /* button_bg_disabled@2x.png */; };
		686A655121157B800030C298 /* NaviBar.swift in Sources */ = {isa = PBXBuildFile; fileRef = 686A655021157B800030C298 /* NaviBar.swift */; };
		686A655321157C230030C298 /* naviBar.sks in Resources */ = {isa = PBXBuildFile; fileRef = 686A655221157C230030C298 /* naviBar.sks */; };
		686A65552116154C0030C298 /* Card.swift in Sources */ = {isa = PBXBuildFile; fileRef = 686A65542116154C0030C298 /* Card.swift */; };
		686A6591211617E70030C298 /* back_blue@2x.png in Resources */ = {isa = PBXBuildFile; fileRef = 686A6557211617E70030C298 /* back_blue@2x.png */; };
		686A6592211617E70030C298 /* back_red@2x.png in Resources */ = {isa = PBXBuildFile; fileRef = 686A6558211617E70030C298 /* back_red@2x.png */; };
		686A6593211617E70030C298 /* c_10.png in Resources */ = {isa = PBXBuildFile; fileRef = 686A655A211617E70030C298 /* c_10.png */; };
		686A6594211617E70030C298 /* c_2.png in Resources */ = {isa = PBXBuildFile; fileRef = 686A655B211617E70030C298 /* c_2.png */; };
		686A6595211617E70030C298 /* c_3.png in Resources */ = {isa = PBXBuildFile; fileRef = 686A655C211617E70030C298 /* c_3.png */; };
		686A6596211617E70030C298 /* c_4.png in Resources */ = {isa = PBXBuildFile; fileRef = 686A655D211617E70030C298 /* c_4.png */; };
		686A6597211617E70030C298 /* c_5.png in Resources */ = {isa = PBXBuildFile; fileRef = 686A655E211617E70030C298 /* c_5.png */; };
		686A6598211617E70030C298 /* c_6.png in Resources */ = {isa = PBXBuildFile; fileRef = 686A655F211617E70030C298 /* c_6.png */; };
		686A6599211617E70030C298 /* c_7.png in Resources */ = {isa = PBXBuildFile; fileRef = 686A6560211617E70030C298 /* c_7.png */; };
		686A659A211617E70030C298 /* c_8.png in Resources */ = {isa = PBXBuildFile; fileRef = 686A6561211617E70030C298 /* c_8.png */; };
		686A659B211617E70030C298 /* c_9.png in Resources */ = {isa = PBXBuildFile; fileRef = 686A6562211617E70030C298 /* c_9.png */; };
		686A659C211617E70030C298 /* c_A.png in Resources */ = {isa = PBXBuildFile; fileRef = 686A6563211617E70030C298 /* c_A.png */; };
		686A659D211617E70030C298 /* c_J.png in Resources */ = {isa = PBXBuildFile; fileRef = 686A6564211617E70030C298 /* c_J.png */; };
		686A659E211617E70030C298 /* c_K.png in Resources */ = {isa = PBXBuildFile; fileRef = 686A6565211617E70030C298 /* c_K.png */; };
		686A659F211617E70030C298 /* c_Q.png in Resources */ = {isa = PBXBuildFile; fileRef = 686A6566211617E70030C298 /* c_Q.png */; };
		686A65A0211617E70030C298 /* d_10.png in Resources */ = {isa = PBXBuildFile; fileRef = 686A6568211617E70030C298 /* d_10.png */; };
		686A65A1211617E70030C298 /* d_2.png in Resources */ = {isa = PBXBuildFile; fileRef = 686A6569211617E70030C298 /* d_2.png */; };
		686A65A2211617E70030C298 /* d_3.png in Resources */ = {isa = PBXBuildFile; fileRef = 686A656A211617E70030C298 /* d_3.png */; };
		686A65A3211617E70030C298 /* d_4.png in Resources */ = {isa = PBXBuildFile; fileRef = 686A656B211617E70030C298 /* d_4.png */; };
		686A65A4211617E70030C298 /* d_5.png in Resources */ = {isa = PBXBuildFile; fileRef = 686A656C211617E70030C298 /* d_5.png */; };
		686A65A5211617E70030C298 /* d_6.png in Resources */ = {isa = PBXBuildFile; fileRef = 686A656D211617E70030C298 /* d_6.png */; };
		686A65A6211617E70030C298 /* d_7.png in Resources */ = {isa = PBXBuildFile; fileRef = 686A656E211617E70030C298 /* d_7.png */; };
		686A65A7211617E70030C298 /* d_8.png in Resources */ = {isa = PBXBuildFile; fileRef = 686A656F211617E70030C298 /* d_8.png */; };
		686A65A8211617E70030C298 /* d_9.png in Resources */ = {isa = PBXBuildFile; fileRef = 686A6570211617E70030C298 /* d_9.png */; };
		686A65A9211617E70030C298 /* d_A.png in Resources */ = {isa = PBXBuildFile; fileRef = 686A6571211617E70030C298 /* d_A.png */; };
		686A65AA211617E70030C298 /* d_J.png in Resources */ = {isa = PBXBuildFile; fileRef = 686A6572211617E70030C298 /* d_J.png */; };
		686A65AB211617E70030C298 /* d_K.png in Resources */ = {isa = PBXBuildFile; fileRef = 686A6573211617E70030C298 /* d_K.png */; };
		686A65AC211617E70030C298 /* d_Q.png in Resources */ = {isa = PBXBuildFile; fileRef = 686A6574211617E70030C298 /* d_Q.png */; };
		686A65AD211617E70030C298 /* h_10.png in Resources */ = {isa = PBXBuildFile; fileRef = 686A6576211617E70030C298 /* h_10.png */; };
		686A65AE211617E70030C298 /* h_2.png in Resources */ = {isa = PBXBuildFile; fileRef = 686A6577211617E70030C298 /* h_2.png */; };
		686A65AF211617E70030C298 /* h_3.png in Resources */ = {isa = PBXBuildFile; fileRef = 686A6578211617E70030C298 /* h_3.png */; };
		686A65B0211617E70030C298 /* h_4.png in Resources */ = {isa = PBXBuildFile; fileRef = 686A6579211617E70030C298 /* h_4.png */; };
		686A65B1211617E70030C298 /* h_5.png in Resources */ = {isa = PBXBuildFile; fileRef = 686A657A211617E70030C298 /* h_5.png */; };
		686A65B2211617E70030C298 /* h_6.png in Resources */ = {isa = PBXBuildFile; fileRef = 686A657B211617E70030C298 /* h_6.png */; };
		686A65B3211617E70030C298 /* h_7.png in Resources */ = {isa = PBXBuildFile; fileRef = 686A657C211617E70030C298 /* h_7.png */; };
		686A65B4211617E70030C298 /* h_8.png in Resources */ = {isa = PBXBuildFile; fileRef = 686A657D211617E70030C298 /* h_8.png */; };
		686A65B5211617E70030C298 /* h_9.png in Resources */ = {isa = PBXBuildFile; fileRef = 686A657E211617E70030C298 /* h_9.png */; };
		686A65B6211617E70030C298 /* h_A.png in Resources */ = {isa = PBXBuildFile; fileRef = 686A657F211617E70030C298 /* h_A.png */; };
		686A65B7211617E70030C298 /* h_J.png in Resources */ = {isa = PBXBuildFile; fileRef = 686A6580211617E70030C298 /* h_J.png */; };
		686A65B8211617E70030C298 /* h_K.png in Resources */ = {isa = PBXBuildFile; fileRef = 686A6581211617E70030C298 /* h_K.png */; };
		686A65B9211617E70030C298 /* h_Q.png in Resources */ = {isa = PBXBuildFile; fileRef = 686A6582211617E70030C298 /* h_Q.png */; };
		686A65BA211617E70030C298 /* s_10.png in Resources */ = {isa = PBXBuildFile; fileRef = 686A6584211617E70030C298 /* s_10.png */; };
		686A65BB211617E70030C298 /* s_2.png in Resources */ = {isa = PBXBuildFile; fileRef = 686A6585211617E70030C298 /* s_2.png */; };
		686A65BC211617E70030C298 /* s_3.png in Resources */ = {isa = PBXBuildFile; fileRef = 686A6586211617E70030C298 /* s_3.png */; };
		686A65BD211617E70030C298 /* s_4.png in Resources */ = {isa = PBXBuildFile; fileRef = 686A6587211617E70030C298 /* s_4.png */; };
		686A65BE211617E70030C298 /* s_5.png in Resources */ = {isa = PBXBuildFile; fileRef = 686A6588211617E70030C298 /* s_5.png */; };
		686A65BF211617E70030C298 /* s_6.png in Resources */ = {isa = PBXBuildFile; fileRef = 686A6589211617E70030C298 /* s_6.png */; };
		686A65C0211617E70030C298 /* s_7.png in Resources */ = {isa = PBXBuildFile; fileRef = 686A658A211617E70030C298 /* s_7.png */; };
		686A65C1211617E70030C298 /* s_8.png in Resources */ = {isa = PBXBuildFile; fileRef = 686A658B211617E70030C298 /* s_8.png */; };
		686A65C2211617E70030C298 /* s_9.png in Resources */ = {isa = PBXBuildFile; fileRef = 686A658C211617E70030C298 /* s_9.png */; };
		686A65C3211617E70030C298 /* s_A.png in Resources */ = {isa = PBXBuildFile; fileRef = 686A658D211617E70030C298 /* s_A.png */; };
		686A65C4211617E70030C298 /* s_J.png in Resources */ = {isa = PBXBuildFile; fileRef = 686A658E211617E70030C298 /* s_J.png */; };
		686A65C5211617E70030C298 /* s_K.png in Resources */ = {isa = PBXBuildFile; fileRef = 686A658F211617E70030C298 /* s_K.png */; };
		686A65C6211617E70030C298 /* s_Q.png in Resources */ = {isa = PBXBuildFile; fileRef = 686A6590211617E70030C298 /* s_Q.png */; };
		68739B0D2123281800B18F8E /* labelBg@2x.png in Resources */ = {isa = PBXBuildFile; fileRef = 68739B0B2123281700B18F8E /* labelBg@2x.png */; };
		68739B0E2123281800B18F8E /* labelBg@3x.png in Resources */ = {isa = PBXBuildFile; fileRef = 68739B0C2123281700B18F8E /* labelBg@3x.png */; };
		68739B122123298000B18F8E /* battle11@2x.png in Resources */ = {isa = PBXBuildFile; fileRef = 68739B112123297F00B18F8E /* battle11@2x.png */; };
		6878BB782103847300AB8E28 /* AppDelegate.swift in Sources */ = {isa = PBXBuildFile; fileRef = 6878BB772103847300AB8E28 /* AppDelegate.swift */; };
		6878BB802103847300AB8E28 /* GameViewController.swift in Sources */ = {isa = PBXBuildFile; fileRef = 6878BB7F2103847300AB8E28 /* GameViewController.swift */; };
		6878BB832103847300AB8E28 /* Main.storyboard in Resources */ = {isa = PBXBuildFile; fileRef = 6878BB812103847300AB8E28 /* Main.storyboard */; };
		6878BB852103847400AB8E28 /* Assets.xcassets in Resources */ = {isa = PBXBuildFile; fileRef = 6878BB842103847400AB8E28 /* Assets.xcassets */; };
		6878BB882103847400AB8E28 /* LaunchScreen.storyboard in Resources */ = {isa = PBXBuildFile; fileRef = 6878BB862103847400AB8E28 /* LaunchScreen.storyboard */; };
		6878BB932103847500AB8E28 /* myDreamUITests.swift in Sources */ = {isa = PBXBuildFile; fileRef = 6878BB922103847500AB8E28 /* myDreamUITests.swift */; };
		6878BBA9210384DC00AB8E28 /* bg@2x.png in Resources */ = {isa = PBXBuildFile; fileRef = 6878BBA1210384DC00AB8E28 /* bg@2x.png */; };
		6878BBAA210384DC00AB8E28 /* bg@3x.png in Resources */ = {isa = PBXBuildFile; fileRef = 6878BBA2210384DC00AB8E28 /* bg@3x.png */; };
		6878BBAB210384DC00AB8E28 /* mainButton_green@2x.png in Resources */ = {isa = PBXBuildFile; fileRef = 6878BBA3210384DC00AB8E28 /* mainButton_green@2x.png */; };
		6878BBAC210384DC00AB8E28 /* mainButton_green@3x.png in Resources */ = {isa = PBXBuildFile; fileRef = 6878BBA4210384DC00AB8E28 /* mainButton_green@3x.png */; };
		6878BBAD210384DC00AB8E28 /* mainButton_orange@2x.png in Resources */ = {isa = PBXBuildFile; fileRef = 6878BBA5210384DC00AB8E28 /* mainButton_orange@2x.png */; };
		6878BBAE210384DC00AB8E28 /* mainButton_orange@3x.png in Resources */ = {isa = PBXBuildFile; fileRef = 6878BBA6210384DC00AB8E28 /* mainButton_orange@3x.png */; };
		6878BBAF210384DC00AB8E28 /* naviBar@2x.png in Resources */ = {isa = PBXBuildFile; fileRef = 6878BBA7210384DC00AB8E28 /* naviBar@2x.png */; };
		6878BBB0210384DC00AB8E28 /* naviBar@3x.png in Resources */ = {isa = PBXBuildFile; fileRef = 6878BBA8210384DC00AB8E28 /* naviBar@3x.png */; };
		6878BBB2210384F700AB8E28 /* mainScene.sks in Resources */ = {isa = PBXBuildFile; fileRef = 6878BBB1210384F700AB8E28 /* mainScene.sks */; };
		6878BBB62103853700AB8E28 /* mainScene.swift in Sources */ = {isa = PBXBuildFile; fileRef = 6878BBB52103853700AB8E28 /* mainScene.swift */; };
		6878BBB82103854900AB8E28 /* SKButton.swift in Sources */ = {isa = PBXBuildFile; fileRef = 6878BBB72103854900AB8E28 /* SKButton.swift */; };
		6878BBBB2103900900AB8E28 /* fightSelectScene.sks in Resources */ = {isa = PBXBuildFile; fileRef = 6878BBBA2103900900AB8E28 /* fightSelectScene.sks */; };
		6878BBBD2103925900AB8E28 /* fightSelectScene.swift in Sources */ = {isa = PBXBuildFile; fileRef = 6878BBBC2103925900AB8E28 /* fightSelectScene.swift */; };
		68840788211350C30081C70C /* dataModel.xcdatamodeld in Sources */ = {isa = PBXBuildFile; fileRef = 68840786211350C20081C70C /* dataModel.xcdatamodeld */; };
		689D451921076A2900C78489 /* SKScrollNode.swift in Sources */ = {isa = PBXBuildFile; fileRef = 689D451821076A2900C78489 /* SKScrollNode.swift */; };
		68D11CC8211472430015A5D0 /* houseItem_bg_disabled@2x.png in Resources */ = {isa = PBXBuildFile; fileRef = 68D11CC6211472430015A5D0 /* houseItem_bg_disabled@2x.png */; };
		68D11CC9211472430015A5D0 /* houseItem_bg_disabled@3x.png in Resources */ = {isa = PBXBuildFile; fileRef = 68D11CC7211472430015A5D0 /* houseItem_bg_disabled@3x.png */; };
		68DA4F992103A2080000ED93 /* houseItem_bg@2x.png in Resources */ = {isa = PBXBuildFile; fileRef = 68DA4F972103A2080000ED93 /* houseItem_bg@2x.png */; };
		68DA4F9A2103A2080000ED93 /* houseItem_bg@3x.png in Resources */ = {isa = PBXBuildFile; fileRef = 68DA4F982103A2080000ED93 /* houseItem_bg@3x.png */; };
		68DA4F9E2103A3940000ED93 /* houseItem.sks in Resources */ = {isa = PBXBuildFile; fileRef = 68DA4F9D2103A3940000ED93 /* houseItem.sks */; };
		68DA4FA12103A43F0000ED93 /* defaultImage@2x.png in Resources */ = {isa = PBXBuildFile; fileRef = 68DA4F9F2103A43F0000ED93 /* defaultImage@2x.png */; };
		68DA4FA22103A43F0000ED93 /* defaultImage@3x.png in Resources */ = {isa = PBXBuildFile; fileRef = 68DA4FA02103A43F0000ED93 /* defaultImage@3x.png */; };
		68DA4FA42103A5CA0000ED93 /* HouseItem.swift in Sources */ = {isa = PBXBuildFile; fileRef = 68DA4FA32103A5CA0000ED93 /* HouseItem.swift */; };
		68E478AC211B24FF003440E9 /* PlayerOfBlackJack.swift in Sources */ = {isa = PBXBuildFile; fileRef = 68E478AB211B24FF003440E9 /* PlayerOfBlackJack.swift */; };
		68E90B60210CCF5900F848CF /* DataType.swift in Sources */ = {isa = PBXBuildFile; fileRef = 68E90B5F210CCF5900F848CF /* DataType.swift */; };
		68E90B62210CD45200F848CF /* DataManager.swift in Sources */ = {isa = PBXBuildFile; fileRef = 68E90B61210CD45200F848CF /* DataManager.swift */; };
		68EB58BE210E1DA40077BF7D /* battleScene.sks in Resources */ = {isa = PBXBuildFile; fileRef = 68EB58BD210E1DA40077BF7D /* battleScene.sks */; };
		68EB58C1210E21CA0077BF7D /* buttonBg@3x.png in Resources */ = {isa = PBXBuildFile; fileRef = 68EB58BF210E21CA0077BF7D /* buttonBg@3x.png */; };
		68EB58C2210E21CA0077BF7D /* buttonBg@2x.png in Resources */ = {isa = PBXBuildFile; fileRef = 68EB58C0210E21CA0077BF7D /* buttonBg@2x.png */; };
		68EB58C6210E27980077BF7D /* battleScene.swift in Sources */ = {isa = PBXBuildFile; fileRef = 68EB58C5210E27980077BF7D /* battleScene.swift */; };
/* End PBXBuildFile section */

/* Begin PBXContainerItemProxy section */
		6878BB8F2103847500AB8E28 /* PBXContainerItemProxy */ = {
			isa = PBXContainerItemProxy;
			containerPortal = 6878BB6C2103847300AB8E28 /* Project object */;
			proxyType = 1;
			remoteGlobalIDString = 6878BB732103847300AB8E28;
			remoteInfo = myDream;
		};
/* End PBXContainerItemProxy section */

/* Begin PBXFileReference section */
		339CE1A521140A23003C3FE5 /* functionaryConfig.json */ = {isa = PBXFileReference; fileEncoding = 4; lastKnownFileType = text.json; path = functionaryConfig.json; sourceTree = "<group>"; };
		339CE1A621140A23003C3FE5 /* houseConfig.json */ = {isa = PBXFileReference; fileEncoding = 4; lastKnownFileType = text.json; path = houseConfig.json; sourceTree = "<group>"; };
		685EB7432121F34D00A5A4ED /* button_bg_disabled@2x.png */ = {isa = PBXFileReference; lastKnownFileType = image.png; path = "button_bg_disabled@2x.png"; sourceTree = "<group>"; };
		686A655021157B800030C298 /* NaviBar.swift */ = {isa = PBXFileReference; lastKnownFileType = sourcecode.swift; path = NaviBar.swift; sourceTree = "<group>"; };
		686A655221157C230030C298 /* naviBar.sks */ = {isa = PBXFileReference; lastKnownFileType = file.sks; path = naviBar.sks; sourceTree = "<group>"; };
		686A65542116154C0030C298 /* Card.swift */ = {isa = PBXFileReference; lastKnownFileType = sourcecode.swift; path = Card.swift; sourceTree = "<group>"; };
		686A6557211617E70030C298 /* back_blue@2x.png */ = {isa = PBXFileReference; lastKnownFileType = image.png; path = "back_blue@2x.png"; sourceTree = "<group>"; };
		686A6558211617E70030C298 /* back_red@2x.png */ = {isa = PBXFileReference; lastKnownFileType = image.png; path = "back_red@2x.png"; sourceTree = "<group>"; };
		686A655A211617E70030C298 /* c_10.png */ = {isa = PBXFileReference; lastKnownFileType = image.png; path = c_10.png; sourceTree = "<group>"; };
		686A655B211617E70030C298 /* c_2.png */ = {isa = PBXFileReference; lastKnownFileType = image.png; path = c_2.png; sourceTree = "<group>"; };
		686A655C211617E70030C298 /* c_3.png */ = {isa = PBXFileReference; lastKnownFileType = image.png; path = c_3.png; sourceTree = "<group>"; };
		686A655D211617E70030C298 /* c_4.png */ = {isa = PBXFileReference; lastKnownFileType = image.png; path = c_4.png; sourceTree = "<group>"; };
		686A655E211617E70030C298 /* c_5.png */ = {isa = PBXFileReference; lastKnownFileType = image.png; path = c_5.png; sourceTree = "<group>"; };
		686A655F211617E70030C298 /* c_6.png */ = {isa = PBXFileReference; lastKnownFileType = image.png; path = c_6.png; sourceTree = "<group>"; };
		686A6560211617E70030C298 /* c_7.png */ = {isa = PBXFileReference; lastKnownFileType = image.png; path = c_7.png; sourceTree = "<group>"; };
		686A6561211617E70030C298 /* c_8.png */ = {isa = PBXFileReference; lastKnownFileType = image.png; path = c_8.png; sourceTree = "<group>"; };
		686A6562211617E70030C298 /* c_9.png */ = {isa = PBXFileReference; lastKnownFileType = image.png; path = c_9.png; sourceTree = "<group>"; };
		686A6563211617E70030C298 /* c_A.png */ = {isa = PBXFileReference; lastKnownFileType = image.png; path = c_A.png; sourceTree = "<group>"; };
		686A6564211617E70030C298 /* c_J.png */ = {isa = PBXFileReference; lastKnownFileType = image.png; path = c_J.png; sourceTree = "<group>"; };
		686A6565211617E70030C298 /* c_K.png */ = {isa = PBXFileReference; lastKnownFileType = image.png; path = c_K.png; sourceTree = "<group>"; };
		686A6566211617E70030C298 /* c_Q.png */ = {isa = PBXFileReference; lastKnownFileType = image.png; path = c_Q.png; sourceTree = "<group>"; };
		686A6568211617E70030C298 /* d_10.png */ = {isa = PBXFileReference; lastKnownFileType = image.png; path = d_10.png; sourceTree = "<group>"; };
		686A6569211617E70030C298 /* d_2.png */ = {isa = PBXFileReference; lastKnownFileType = image.png; path = d_2.png; sourceTree = "<group>"; };
		686A656A211617E70030C298 /* d_3.png */ = {isa = PBXFileReference; lastKnownFileType = image.png; path = d_3.png; sourceTree = "<group>"; };
		686A656B211617E70030C298 /* d_4.png */ = {isa = PBXFileReference; lastKnownFileType = image.png; path = d_4.png; sourceTree = "<group>"; };
		686A656C211617E70030C298 /* d_5.png */ = {isa = PBXFileReference; lastKnownFileType = image.png; path = d_5.png; sourceTree = "<group>"; };
		686A656D211617E70030C298 /* d_6.png */ = {isa = PBXFileReference; lastKnownFileType = image.png; path = d_6.png; sourceTree = "<group>"; };
		686A656E211617E70030C298 /* d_7.png */ = {isa = PBXFileReference; lastKnownFileType = image.png; path = d_7.png; sourceTree = "<group>"; };
		686A656F211617E70030C298 /* d_8.png */ = {isa = PBXFileReference; lastKnownFileType = image.png; path = d_8.png; sourceTree = "<group>"; };
		686A6570211617E70030C298 /* d_9.png */ = {isa = PBXFileReference; lastKnownFileType = image.png; path = d_9.png; sourceTree = "<group>"; };
		686A6571211617E70030C298 /* d_A.png */ = {isa = PBXFileReference; lastKnownFileType = image.png; path = d_A.png; sourceTree = "<group>"; };
		686A6572211617E70030C298 /* d_J.png */ = {isa = PBXFileReference; lastKnownFileType = image.png; path = d_J.png; sourceTree = "<group>"; };
		686A6573211617E70030C298 /* d_K.png */ = {isa = PBXFileReference; lastKnownFileType = image.png; path = d_K.png; sourceTree = "<group>"; };
		686A6574211617E70030C298 /* d_Q.png */ = {isa = PBXFileReference; lastKnownFileType = image.png; path = d_Q.png; sourceTree = "<group>"; };
		686A6576211617E70030C298 /* h_10.png */ = {isa = PBXFileReference; lastKnownFileType = image.png; path = h_10.png; sourceTree = "<group>"; };
		686A6577211617E70030C298 /* h_2.png */ = {isa = PBXFileReference; lastKnownFileType = image.png; path = h_2.png; sourceTree = "<group>"; };
		686A6578211617E70030C298 /* h_3.png */ = {isa = PBXFileReference; lastKnownFileType = image.png; path = h_3.png; sourceTree = "<group>"; };
		686A6579211617E70030C298 /* h_4.png */ = {isa = PBXFileReference; lastKnownFileType = image.png; path = h_4.png; sourceTree = "<group>"; };
		686A657A211617E70030C298 /* h_5.png */ = {isa = PBXFileReference; lastKnownFileType = image.png; path = h_5.png; sourceTree = "<group>"; };
		686A657B211617E70030C298 /* h_6.png */ = {isa = PBXFileReference; lastKnownFileType = image.png; path = h_6.png; sourceTree = "<group>"; };
		686A657C211617E70030C298 /* h_7.png */ = {isa = PBXFileReference; lastKnownFileType = image.png; path = h_7.png; sourceTree = "<group>"; };
		686A657D211617E70030C298 /* h_8.png */ = {isa = PBXFileReference; lastKnownFileType = image.png; path = h_8.png; sourceTree = "<group>"; };
		686A657E211617E70030C298 /* h_9.png */ = {isa = PBXFileReference; lastKnownFileType = image.png; path = h_9.png; sourceTree = "<group>"; };
		686A657F211617E70030C298 /* h_A.png */ = {isa = PBXFileReference; lastKnownFileType = image.png; path = h_A.png; sourceTree = "<group>"; };
		686A6580211617E70030C298 /* h_J.png */ = {isa = PBXFileReference; lastKnownFileType = image.png; path = h_J.png; sourceTree = "<group>"; };
		686A6581211617E70030C298 /* h_K.png */ = {isa = PBXFileReference; lastKnownFileType = image.png; path = h_K.png; sourceTree = "<group>"; };
		686A6582211617E70030C298 /* h_Q.png */ = {isa = PBXFileReference; lastKnownFileType = image.png; path = h_Q.png; sourceTree = "<group>"; };
		686A6584211617E70030C298 /* s_10.png */ = {isa = PBXFileReference; lastKnownFileType = image.png; path = s_10.png; sourceTree = "<group>"; };
		686A6585211617E70030C298 /* s_2.png */ = {isa = PBXFileReference; lastKnownFileType = image.png; path = s_2.png; sourceTree = "<group>"; };
		686A6586211617E70030C298 /* s_3.png */ = {isa = PBXFileReference; lastKnownFileType = image.png; path = s_3.png; sourceTree = "<group>"; };
		686A6587211617E70030C298 /* s_4.png */ = {isa = PBXFileReference; lastKnownFileType = image.png; path = s_4.png; sourceTree = "<group>"; };
		686A6588211617E70030C298 /* s_5.png */ = {isa = PBXFileReference; lastKnownFileType = image.png; path = s_5.png; sourceTree = "<group>"; };
		686A6589211617E70030C298 /* s_6.png */ = {isa = PBXFileReference; lastKnownFileType = image.png; path = s_6.png; sourceTree = "<group>"; };
		686A658A211617E70030C298 /* s_7.png */ = {isa = PBXFileReference; lastKnownFileType = image.png; path = s_7.png; sourceTree = "<group>"; };
		686A658B211617E70030C298 /* s_8.png */ = {isa = PBXFileReference; lastKnownFileType = image.png; path = s_8.png; sourceTree = "<group>"; };
		686A658C211617E70030C298 /* s_9.png */ = {isa = PBXFileReference; lastKnownFileType = image.png; path = s_9.png; sourceTree = "<group>"; };
		686A658D211617E70030C298 /* s_A.png */ = {isa = PBXFileReference; lastKnownFileType = image.png; path = s_A.png; sourceTree = "<group>"; };
		686A658E211617E70030C298 /* s_J.png */ = {isa = PBXFileReference; lastKnownFileType = image.png; path = s_J.png; sourceTree = "<group>"; };
		686A658F211617E70030C298 /* s_K.png */ = {isa = PBXFileReference; lastKnownFileType = image.png; path = s_K.png; sourceTree = "<group>"; };
		686A6590211617E70030C298 /* s_Q.png */ = {isa = PBXFileReference; lastKnownFileType = image.png; path = s_Q.png; sourceTree = "<group>"; };
		68739B0B2123281700B18F8E /* labelBg@2x.png */ = {isa = PBXFileReference; lastKnownFileType = image.png; path = "labelBg@2x.png"; sourceTree = "<group>"; };
		68739B0C2123281700B18F8E /* labelBg@3x.png */ = {isa = PBXFileReference; lastKnownFileType = image.png; path = "labelBg@3x.png"; sourceTree = "<group>"; };
		68739B112123297F00B18F8E /* battle11@2x.png */ = {isa = PBXFileReference; lastKnownFileType = image.png; path = "battle11@2x.png"; sourceTree = "<group>"; };
		6878BB742103847300AB8E28 /* myDream.app */ = {isa = PBXFileReference; explicitFileType = wrapper.application; includeInIndex = 0; path = myDream.app; sourceTree = BUILT_PRODUCTS_DIR; };
		6878BB772103847300AB8E28 /* AppDelegate.swift */ = {isa = PBXFileReference; lastKnownFileType = sourcecode.swift; path = AppDelegate.swift; sourceTree = "<group>"; };
		6878BB7F2103847300AB8E28 /* GameViewController.swift */ = {isa = PBXFileReference; lastKnownFileType = sourcecode.swift; path = GameViewController.swift; sourceTree = "<group>"; };
		6878BB822103847300AB8E28 /* Base */ = {isa = PBXFileReference; lastKnownFileType = file.storyboard; name = Base; path = Base.lproj/Main.storyboard; sourceTree = "<group>"; };
		6878BB842103847400AB8E28 /* Assets.xcassets */ = {isa = PBXFileReference; lastKnownFileType = folder.assetcatalog; path = Assets.xcassets; sourceTree = "<group>"; };
		6878BB872103847400AB8E28 /* Base */ = {isa = PBXFileReference; lastKnownFileType = file.storyboard; name = Base; path = Base.lproj/LaunchScreen.storyboard; sourceTree = "<group>"; };
		6878BB892103847400AB8E28 /* Info.plist */ = {isa = PBXFileReference; lastKnownFileType = text.plist.xml; path = Info.plist; sourceTree = "<group>"; };
		6878BB8E2103847500AB8E28 /* myDreamUITests.xctest */ = {isa = PBXFileReference; explicitFileType = wrapper.cfbundle; includeInIndex = 0; path = myDreamUITests.xctest; sourceTree = BUILT_PRODUCTS_DIR; };
		6878BB922103847500AB8E28 /* myDreamUITests.swift */ = {isa = PBXFileReference; lastKnownFileType = sourcecode.swift; path = myDreamUITests.swift; sourceTree = "<group>"; };
		6878BB942103847500AB8E28 /* Info.plist */ = {isa = PBXFileReference; lastKnownFileType = text.plist.xml; path = Info.plist; sourceTree = "<group>"; };
		6878BBA1210384DC00AB8E28 /* bg@2x.png */ = {isa = PBXFileReference; lastKnownFileType = image.png; path = "bg@2x.png"; sourceTree = "<group>"; };
		6878BBA2210384DC00AB8E28 /* bg@3x.png */ = {isa = PBXFileReference; lastKnownFileType = image.png; path = "bg@3x.png"; sourceTree = "<group>"; };
		6878BBA3210384DC00AB8E28 /* mainButton_green@2x.png */ = {isa = PBXFileReference; lastKnownFileType = image.png; path = "mainButton_green@2x.png"; sourceTree = "<group>"; };
		6878BBA4210384DC00AB8E28 /* mainButton_green@3x.png */ = {isa = PBXFileReference; lastKnownFileType = image.png; path = "mainButton_green@3x.png"; sourceTree = "<group>"; };
		6878BBA5210384DC00AB8E28 /* mainButton_orange@2x.png */ = {isa = PBXFileReference; lastKnownFileType = image.png; path = "mainButton_orange@2x.png"; sourceTree = "<group>"; };
		6878BBA6210384DC00AB8E28 /* mainButton_orange@3x.png */ = {isa = PBXFileReference; lastKnownFileType = image.png; path = "mainButton_orange@3x.png"; sourceTree = "<group>"; };
		6878BBA7210384DC00AB8E28 /* naviBar@2x.png */ = {isa = PBXFileReference; lastKnownFileType = image.png; path = "naviBar@2x.png"; sourceTree = "<group>"; };
		6878BBA8210384DC00AB8E28 /* naviBar@3x.png */ = {isa = PBXFileReference; lastKnownFileType = image.png; path = "naviBar@3x.png"; sourceTree = "<group>"; };
		6878BBB1210384F700AB8E28 /* mainScene.sks */ = {isa = PBXFileReference; lastKnownFileType = file.sks; path = mainScene.sks; sourceTree = "<group>"; };
		6878BBB52103853700AB8E28 /* mainScene.swift */ = {isa = PBXFileReference; lastKnownFileType = sourcecode.swift; path = mainScene.swift; sourceTree = "<group>"; };
		6878BBB72103854900AB8E28 /* SKButton.swift */ = {isa = PBXFileReference; fileEncoding = 4; lastKnownFileType = sourcecode.swift; path = SKButton.swift; sourceTree = "<group>"; };
		6878BBBA2103900900AB8E28 /* fightSelectScene.sks */ = {isa = PBXFileReference; lastKnownFileType = file.sks; path = fightSelectScene.sks; sourceTree = "<group>"; };
		6878BBBC2103925900AB8E28 /* fightSelectScene.swift */ = {isa = PBXFileReference; lastKnownFileType = sourcecode.swift; path = fightSelectScene.swift; sourceTree = "<group>"; };
		68840787211350C20081C70C /* dataModel.xcdatamodel */ = {isa = PBXFileReference; lastKnownFileType = wrapper.xcdatamodel; path = dataModel.xcdatamodel; sourceTree = "<group>"; };
		689D451821076A2900C78489 /* SKScrollNode.swift */ = {isa = PBXFileReference; lastKnownFileType = sourcecode.swift; path = SKScrollNode.swift; sourceTree = "<group>"; };
		68D11CC6211472430015A5D0 /* houseItem_bg_disabled@2x.png */ = {isa = PBXFileReference; lastKnownFileType = image.png; path = "houseItem_bg_disabled@2x.png"; sourceTree = "<group>"; };
		68D11CC7211472430015A5D0 /* houseItem_bg_disabled@3x.png */ = {isa = PBXFileReference; lastKnownFileType = image.png; path = "houseItem_bg_disabled@3x.png"; sourceTree = "<group>"; };
		68DA4F972103A2080000ED93 /* houseItem_bg@2x.png */ = {isa = PBXFileReference; lastKnownFileType = image.png; path = "houseItem_bg@2x.png"; sourceTree = "<group>"; };
		68DA4F982103A2080000ED93 /* houseItem_bg@3x.png */ = {isa = PBXFileReference; lastKnownFileType = image.png; path = "houseItem_bg@3x.png"; sourceTree = "<group>"; };
		68DA4F9D2103A3940000ED93 /* houseItem.sks */ = {isa = PBXFileReference; lastKnownFileType = file.sks; path = houseItem.sks; sourceTree = "<group>"; };
		68DA4F9F2103A43F0000ED93 /* defaultImage@2x.png */ = {isa = PBXFileReference; lastKnownFileType = image.png; path = "defaultImage@2x.png"; sourceTree = "<group>"; };
		68DA4FA02103A43F0000ED93 /* defaultImage@3x.png */ = {isa = PBXFileReference; lastKnownFileType = image.png; path = "defaultImage@3x.png"; sourceTree = "<group>"; };
		68DA4FA32103A5CA0000ED93 /* HouseItem.swift */ = {isa = PBXFileReference; lastKnownFileType = sourcecode.swift; path = HouseItem.swift; sourceTree = "<group>"; };
		68E478AB211B24FF003440E9 /* PlayerOfBlackJack.swift */ = {isa = PBXFileReference; lastKnownFileType = sourcecode.swift; path = PlayerOfBlackJack.swift; sourceTree = "<group>"; };
		68E90B5F210CCF5900F848CF /* DataType.swift */ = {isa = PBXFileReference; lastKnownFileType = sourcecode.swift; path = DataType.swift; sourceTree = "<group>"; };
		68E90B61210CD45200F848CF /* DataManager.swift */ = {isa = PBXFileReference; lastKnownFileType = sourcecode.swift; path = DataManager.swift; sourceTree = "<group>"; };
		68EB58BD210E1DA40077BF7D /* battleScene.sks */ = {isa = PBXFileReference; lastKnownFileType = file.sks; path = battleScene.sks; sourceTree = "<group>"; };
		68EB58BF210E21CA0077BF7D /* buttonBg@3x.png */ = {isa = PBXFileReference; lastKnownFileType = image.png; path = "buttonBg@3x.png"; sourceTree = "<group>"; };
		68EB58C0210E21CA0077BF7D /* buttonBg@2x.png */ = {isa = PBXFileReference; lastKnownFileType = image.png; path = "buttonBg@2x.png"; sourceTree = "<group>"; };
		68EB58C5210E27980077BF7D /* battleScene.swift */ = {isa = PBXFileReference; lastKnownFileType = sourcecode.swift; path = battleScene.swift; sourceTree = "<group>"; };
/* End PBXFileReference section */

/* Begin PBXFrameworksBuildPhase section */
		6878BB712103847300AB8E28 /* Frameworks */ = {
			isa = PBXFrameworksBuildPhase;
			buildActionMask = 2147483647;
			files = (
			);
			runOnlyForDeploymentPostprocessing = 0;
		};
		6878BB8B2103847500AB8E28 /* Frameworks */ = {
			isa = PBXFrameworksBuildPhase;
			buildActionMask = 2147483647;
			files = (
			);
			runOnlyForDeploymentPostprocessing = 0;
		};
/* End PBXFrameworksBuildPhase section */

/* Begin PBXGroup section */
		686A6556211617E70030C298 /* PokerResource */ = {
			isa = PBXGroup;
			children = (
				686A6557211617E70030C298 /* back_blue@2x.png */,
				686A6558211617E70030C298 /* back_red@2x.png */,
				686A6559211617E70030C298 /* Club */,
				686A6567211617E70030C298 /* Diamond */,
				686A6575211617E70030C298 /* Heart */,
				686A6583211617E70030C298 /* Spade */,
			);
			path = PokerResource;
			sourceTree = "<group>";
		};
		686A6559211617E70030C298 /* Club */ = {
			isa = PBXGroup;
			children = (
				686A655A211617E70030C298 /* c_10.png */,
				686A655B211617E70030C298 /* c_2.png */,
				686A655C211617E70030C298 /* c_3.png */,
				686A655D211617E70030C298 /* c_4.png */,
				686A655E211617E70030C298 /* c_5.png */,
				686A655F211617E70030C298 /* c_6.png */,
				686A6560211617E70030C298 /* c_7.png */,
				686A6561211617E70030C298 /* c_8.png */,
				686A6562211617E70030C298 /* c_9.png */,
				686A6563211617E70030C298 /* c_A.png */,
				686A6564211617E70030C298 /* c_J.png */,
				686A6565211617E70030C298 /* c_K.png */,
				686A6566211617E70030C298 /* c_Q.png */,
			);
			path = Club;
			sourceTree = "<group>";
		};
		686A6567211617E70030C298 /* Diamond */ = {
			isa = PBXGroup;
			children = (
				686A6568211617E70030C298 /* d_10.png */,
				686A6569211617E70030C298 /* d_2.png */,
				686A656A211617E70030C298 /* d_3.png */,
				686A656B211617E70030C298 /* d_4.png */,
				686A656C211617E70030C298 /* d_5.png */,
				686A656D211617E70030C298 /* d_6.png */,
				686A656E211617E70030C298 /* d_7.png */,
				686A656F211617E70030C298 /* d_8.png */,
				686A6570211617E70030C298 /* d_9.png */,
				686A6571211617E70030C298 /* d_A.png */,
				686A6572211617E70030C298 /* d_J.png */,
				686A6573211617E70030C298 /* d_K.png */,
				686A6574211617E70030C298 /* d_Q.png */,
			);
			path = Diamond;
			sourceTree = "<group>";
		};
		686A6575211617E70030C298 /* Heart */ = {
			isa = PBXGroup;
			children = (
				686A6576211617E70030C298 /* h_10.png */,
				686A6577211617E70030C298 /* h_2.png */,
				686A6578211617E70030C298 /* h_3.png */,
				686A6579211617E70030C298 /* h_4.png */,
				686A657A211617E70030C298 /* h_5.png */,
				686A657B211617E70030C298 /* h_6.png */,
				686A657C211617E70030C298 /* h_7.png */,
				686A657D211617E70030C298 /* h_8.png */,
				686A657E211617E70030C298 /* h_9.png */,
				686A657F211617E70030C298 /* h_A.png */,
				686A6580211617E70030C298 /* h_J.png */,
				686A6581211617E70030C298 /* h_K.png */,
				686A6582211617E70030C298 /* h_Q.png */,
			);
			path = Heart;
			sourceTree = "<group>";
		};
		686A6583211617E70030C298 /* Spade */ = {
			isa = PBXGroup;
			children = (
				686A6584211617E70030C298 /* s_10.png */,
				686A6585211617E70030C298 /* s_2.png */,
				686A6586211617E70030C298 /* s_3.png */,
				686A6587211617E70030C298 /* s_4.png */,
				686A6588211617E70030C298 /* s_5.png */,
				686A6589211617E70030C298 /* s_6.png */,
				686A658A211617E70030C298 /* s_7.png */,
				686A658B211617E70030C298 /* s_8.png */,
				686A658C211617E70030C298 /* s_9.png */,
				686A658D211617E70030C298 /* s_A.png */,
				686A658E211617E70030C298 /* s_J.png */,
				686A658F211617E70030C298 /* s_K.png */,
				686A6590211617E70030C298 /* s_Q.png */,
			);
			path = Spade;
			sourceTree = "<group>";
		};
		6878BB6B2103847300AB8E28 = {
			isa = PBXGroup;
			children = (
				6878BB762103847300AB8E28 /* myDream */,
				6878BB912103847500AB8E28 /* myDreamUITests */,
				6878BB752103847300AB8E28 /* Products */,
			);
			sourceTree = "<group>";
		};
		6878BB752103847300AB8E28 /* Products */ = {
			isa = PBXGroup;
			children = (
				6878BB742103847300AB8E28 /* myDream.app */,
				6878BB8E2103847500AB8E28 /* myDreamUITests.xctest */,
			);
			name = Products;
			sourceTree = "<group>";
		};
		6878BB762103847300AB8E28 /* myDream */ = {
			isa = PBXGroup;
			children = (
				6878BBB32103850F00AB8E28 /* Codes */,
				6878BB9F210384CE00AB8E28 /* Resources */,
				6878BB772103847300AB8E28 /* AppDelegate.swift */,
				6878BB7F2103847300AB8E28 /* GameViewController.swift */,
				6878BB812103847300AB8E28 /* Main.storyboard */,
				6878BB842103847400AB8E28 /* Assets.xcassets */,
				6878BB862103847400AB8E28 /* LaunchScreen.storyboard */,
				6878BB892103847400AB8E28 /* Info.plist */,
			);
			path = myDream;
			sourceTree = "<group>";
		};
		6878BB912103847500AB8E28 /* myDreamUITests */ = {
			isa = PBXGroup;
			children = (
				6878BB922103847500AB8E28 /* myDreamUITests.swift */,
				6878BB942103847500AB8E28 /* Info.plist */,
			);
			path = myDreamUITests;
			sourceTree = "<group>";
		};
		6878BB9D2103849D00AB8E28 /* Scenes */ = {
			isa = PBXGroup;
			children = (
				6878BBB1210384F700AB8E28 /* mainScene.sks */,
				6878BBBA2103900900AB8E28 /* fightSelectScene.sks */,
				68EB58BD210E1DA40077BF7D /* battleScene.sks */,
			);
			path = Scenes;
			sourceTree = "<group>";
		};
		6878BB9E210384B400AB8E28 /* Prefabs */ = {
			isa = PBXGroup;
			children = (
				68DA4F9D2103A3940000ED93 /* houseItem.sks */,
				686A655221157C230030C298 /* naviBar.sks */,
			);
			path = Prefabs;
			sourceTree = "<group>";
		};
		6878BB9F210384CE00AB8E28 /* Resources */ = {
			isa = PBXGroup;
			children = (
				68B20A22210A1C9500B57749 /* configs */,
				6878BB9E210384B400AB8E28 /* Prefabs */,
				6878BB9D2103849D00AB8E28 /* Scenes */,
				6878BBA0210384DC00AB8E28 /* pics */,
			);
			path = Resources;
			sourceTree = "<group>";
		};
		6878BBA0210384DC00AB8E28 /* pics */ = {
			isa = PBXGroup;
			children = (
				68739B112123297F00B18F8E /* battle11@2x.png */,
				68739B0B2123281700B18F8E /* labelBg@2x.png */,
				68739B0C2123281700B18F8E /* labelBg@3x.png */,
				685EB7432121F34D00A5A4ED /* button_bg_disabled@2x.png */,
				686A6556211617E70030C298 /* PokerResource */,
				68D11CC6211472430015A5D0 /* houseItem_bg_disabled@2x.png */,
				68D11CC7211472430015A5D0 /* houseItem_bg_disabled@3x.png */,
				68EB58C0210E21CA0077BF7D /* buttonBg@2x.png */,
				68EB58BF210E21CA0077BF7D /* buttonBg@3x.png */,
				68DA4F9F2103A43F0000ED93 /* defaultImage@2x.png */,
				68DA4FA02103A43F0000ED93 /* defaultImage@3x.png */,
				68DA4F972103A2080000ED93 /* houseItem_bg@2x.png */,
				68DA4F982103A2080000ED93 /* houseItem_bg@3x.png */,
				6878BBA1210384DC00AB8E28 /* bg@2x.png */,
				6878BBA2210384DC00AB8E28 /* bg@3x.png */,
				6878BBA3210384DC00AB8E28 /* mainButton_green@2x.png */,
				6878BBA4210384DC00AB8E28 /* mainButton_green@3x.png */,
				6878BBA5210384DC00AB8E28 /* mainButton_orange@2x.png */,
				6878BBA6210384DC00AB8E28 /* mainButton_orange@3x.png */,
				6878BBA7210384DC00AB8E28 /* naviBar@2x.png */,
				6878BBA8210384DC00AB8E28 /* naviBar@3x.png */,
			);
			path = pics;
			sourceTree = "<group>";
		};
		6878BBB32103850F00AB8E28 /* Codes */ = {
			isa = PBXGroup;
			children = (
				6878BBB92103855400AB8E28 /* Classes */,
				6878BBB42103851C00AB8E28 /* SceneMgrs */,
			);
			path = Codes;
			sourceTree = "<group>";
		};
		6878BBB42103851C00AB8E28 /* SceneMgrs */ = {
			isa = PBXGroup;
			children = (
				6878BBB52103853700AB8E28 /* mainScene.swift */,
				6878BBBC2103925900AB8E28 /* fightSelectScene.swift */,
				68EB58C5210E27980077BF7D /* battleScene.swift */,
			);
			path = SceneMgrs;
			sourceTree = "<group>";
		};
		6878BBB92103855400AB8E28 /* Classes */ = {
			isa = PBXGroup;
			children = (
				6878BBB72103854900AB8E28 /* SKButton.swift */,
				68DA4FA32103A5CA0000ED93 /* HouseItem.swift */,
				689D451821076A2900C78489 /* SKScrollNode.swift */,
				68E90B5F210CCF5900F848CF /* DataType.swift */,
				68E90B61210CD45200F848CF /* DataManager.swift */,
				686A655021157B800030C298 /* NaviBar.swift */,
				686A65542116154C0030C298 /* Card.swift */,
				68E478AB211B24FF003440E9 /* PlayerOfBlackJack.swift */,
			);
			path = Classes;
			sourceTree = "<group>";
		};
		68B20A22210A1C9500B57749 /* configs */ = {
			isa = PBXGroup;
			children = (
				339CE1A521140A23003C3FE5 /* functionaryConfig.json */,
				339CE1A621140A23003C3FE5 /* houseConfig.json */,
				68840786211350C20081C70C /* dataModel.xcdatamodeld */,
			);
			path = configs;
			sourceTree = "<group>";
		};
/* End PBXGroup section */

/* Begin PBXNativeTarget section */
		6878BB732103847300AB8E28 /* myDream */ = {
			isa = PBXNativeTarget;
			buildConfigurationList = 6878BB972103847500AB8E28 /* Build configuration list for PBXNativeTarget "myDream" */;
			buildPhases = (
				6878BB702103847300AB8E28 /* Sources */,
				6878BB712103847300AB8E28 /* Frameworks */,
				6878BB722103847300AB8E28 /* Resources */,
			);
			buildRules = (
			);
			dependencies = (
			);
			name = myDream;
			productName = myDream;
			productReference = 6878BB742103847300AB8E28 /* myDream.app */;
			productType = "com.apple.product-type.application";
		};
		6878BB8D2103847500AB8E28 /* myDreamUITests */ = {
			isa = PBXNativeTarget;
			buildConfigurationList = 6878BB9A2103847500AB8E28 /* Build configuration list for PBXNativeTarget "myDreamUITests" */;
			buildPhases = (
				6878BB8A2103847500AB8E28 /* Sources */,
				6878BB8B2103847500AB8E28 /* Frameworks */,
				6878BB8C2103847500AB8E28 /* Resources */,
			);
			buildRules = (
			);
			dependencies = (
				6878BB902103847500AB8E28 /* PBXTargetDependency */,
			);
			name = myDreamUITests;
			productName = myDreamUITests;
			productReference = 6878BB8E2103847500AB8E28 /* myDreamUITests.xctest */;
			productType = "com.apple.product-type.bundle.ui-testing";
		};
/* End PBXNativeTarget section */

/* Begin PBXProject section */
		6878BB6C2103847300AB8E28 /* Project object */ = {
			isa = PBXProject;
			attributes = {
				LastSwiftUpdateCheck = 0940;
				LastUpgradeCheck = 0940;
				ORGANIZATIONNAME = "石皓云";
				TargetAttributes = {
					6878BB732103847300AB8E28 = {
						CreatedOnToolsVersion = 9.4.1;
					};
					6878BB8D2103847500AB8E28 = {
						CreatedOnToolsVersion = 9.4.1;
						TestTargetID = 6878BB732103847300AB8E28;
					};
				};
			};
			buildConfigurationList = 6878BB6F2103847300AB8E28 /* Build configuration list for PBXProject "myDream" */;
			compatibilityVersion = "Xcode 9.3";
			developmentRegion = en;
			hasScannedForEncodings = 0;
			knownRegions = (
				en,
				Base,
			);
			mainGroup = 6878BB6B2103847300AB8E28;
			productRefGroup = 6878BB752103847300AB8E28 /* Products */;
			projectDirPath = "";
			projectRoot = "";
			targets = (
				6878BB732103847300AB8E28 /* myDream */,
				6878BB8D2103847500AB8E28 /* myDreamUITests */,
			);
		};
/* End PBXProject section */

/* Begin PBXResourcesBuildPhase section */
		6878BB722103847300AB8E28 /* Resources */ = {
			isa = PBXResourcesBuildPhase;
			buildActionMask = 2147483647;
			files = (
				686A65C1211617E70030C298 /* s_8.png in Resources */,
				686A65A1211617E70030C298 /* d_2.png in Resources */,
				686A6594211617E70030C298 /* c_2.png in Resources */,
				686A65B6211617E70030C298 /* h_A.png in Resources */,
				6878BBAC210384DC00AB8E28 /* mainButton_green@3x.png in Resources */,
				686A65AA211617E70030C298 /* d_J.png in Resources */,
				6878BBAD210384DC00AB8E28 /* mainButton_orange@2x.png in Resources */,
				686A65BB211617E70030C298 /* s_2.png in Resources */,
				686A65B4211617E70030C298 /* h_8.png in Resources */,
				6878BB832103847300AB8E28 /* Main.storyboard in Resources */,
				686A65BE211617E70030C298 /* s_5.png in Resources */,
				6878BB852103847400AB8E28 /* Assets.xcassets in Resources */,
				686A659C211617E70030C298 /* c_A.png in Resources */,
				6878BB882103847400AB8E28 /* LaunchScreen.storyboard in Resources */,
				686A65A2211617E70030C298 /* d_3.png in Resources */,
				6878BBA9210384DC00AB8E28 /* bg@2x.png in Resources */,
				686A659F211617E70030C298 /* c_Q.png in Resources */,
				686A65AC211617E70030C298 /* d_Q.png in Resources */,
				686A65BF211617E70030C298 /* s_6.png in Resources */,
				686A65B9211617E70030C298 /* h_Q.png in Resources */,
				686A65A5211617E70030C298 /* d_6.png in Resources */,
				6878BBAF210384DC00AB8E28 /* naviBar@2x.png in Resources */,
				68DA4FA22103A43F0000ED93 /* defaultImage@3x.png in Resources */,
				686A65A8211617E70030C298 /* d_9.png in Resources */,
				686A65B3211617E70030C298 /* h_7.png in Resources */,
				68739B0D2123281800B18F8E /* labelBg@2x.png in Resources */,
				686A65C2211617E70030C298 /* s_9.png in Resources */,
				6878BBB2210384F700AB8E28 /* mainScene.sks in Resources */,
				339CE1A721140A23003C3FE5 /* functionaryConfig.json in Resources */,
				686A65AE211617E70030C298 /* h_2.png in Resources */,
				68D11CC8211472430015A5D0 /* houseItem_bg_disabled@2x.png in Resources */,
				339CE1A821140A23003C3FE5 /* houseConfig.json in Resources */,
				68DA4FA12103A43F0000ED93 /* defaultImage@2x.png in Resources */,
				686A659E211617E70030C298 /* c_K.png in Resources */,
				6878BBAA210384DC00AB8E28 /* bg@3x.png in Resources */,
				68DA4F992103A2080000ED93 /* houseItem_bg@2x.png in Resources */,
				686A6596211617E70030C298 /* c_4.png in Resources */,
				686A65B8211617E70030C298 /* h_K.png in Resources */,
				686A6591211617E70030C298 /* back_blue@2x.png in Resources */,
				68EB58C2210E21CA0077BF7D /* buttonBg@2x.png in Resources */,
				686A65A3211617E70030C298 /* d_4.png in Resources */,
				686A6595211617E70030C298 /* c_3.png in Resources */,
				686A65B5211617E70030C298 /* h_9.png in Resources */,
				686A65A0211617E70030C298 /* d_10.png in Resources */,
				686A65AD211617E70030C298 /* h_10.png in Resources */,
				686A6599211617E70030C298 /* c_7.png in Resources */,
				685EB7442121F34D00A5A4ED /* button_bg_disabled@2x.png in Resources */,
				686A65C6211617E70030C298 /* s_Q.png in Resources */,
				686A65C5211617E70030C298 /* s_K.png in Resources */,
				686A65A7211617E70030C298 /* d_8.png in Resources */,
				6878BBBB2103900900AB8E28 /* fightSelectScene.sks in Resources */,
				686A6593211617E70030C298 /* c_10.png in Resources */,
				686A6592211617E70030C298 /* back_red@2x.png in Resources */,
				686A659A211617E70030C298 /* c_8.png in Resources */,
				68EB58BE210E1DA40077BF7D /* battleScene.sks in Resources */,
				686A6597211617E70030C298 /* c_5.png in Resources */,
				686A65B0211617E70030C298 /* h_4.png in Resources */,
				686A65A4211617E70030C298 /* d_5.png in Resources */,
				686A65A6211617E70030C298 /* d_7.png in Resources */,
				6878BBB0210384DC00AB8E28 /* naviBar@3x.png in Resources */,
				68D11CC9211472430015A5D0 /* houseItem_bg_disabled@3x.png in Resources */,
				686A65AF211617E70030C298 /* h_3.png in Resources */,
				68739B122123298000B18F8E /* battle11@2x.png in Resources */,
				686A65B7211617E70030C298 /* h_J.png in Resources */,
				686A65C0211617E70030C298 /* s_7.png in Resources */,
				686A659D211617E70030C298 /* c_J.png in Resources */,
				68DA4F9A2103A2080000ED93 /* houseItem_bg@3x.png in Resources */,
				686A65B1211617E70030C298 /* h_5.png in Resources */,
				686A6598211617E70030C298 /* c_6.png in Resources */,
				686A65BA211617E70030C298 /* s_10.png in Resources */,
				68739B0E2123281800B18F8E /* labelBg@3x.png in Resources */,
				686A65C3211617E70030C298 /* s_A.png in Resources */,
				686A65C4211617E70030C298 /* s_J.png in Resources */,
				686A65B2211617E70030C298 /* h_6.png in Resources */,
				686A65AB211617E70030C298 /* d_K.png in Resources */,
				6878BBAB210384DC00AB8E28 /* mainButton_green@2x.png in Resources */,
				686A65BD211617E70030C298 /* s_4.png in Resources */,
				68EB58C1210E21CA0077BF7D /* buttonBg@3x.png in Resources */,
				686A655321157C230030C298 /* naviBar.sks in Resources */,
				686A65BC211617E70030C298 /* s_3.png in Resources */,
				6878BBAE210384DC00AB8E28 /* mainButton_orange@3x.png in Resources */,
				686A65A9211617E70030C298 /* d_A.png in Resources */,
				686A659B211617E70030C298 /* c_9.png in Resources */,
				68DA4F9E2103A3940000ED93 /* houseItem.sks in Resources */,
			);
			runOnlyForDeploymentPostprocessing = 0;
		};
		6878BB8C2103847500AB8E28 /* Resources */ = {
			isa = PBXResourcesBuildPhase;
			buildActionMask = 2147483647;
			files = (
			);
			runOnlyForDeploymentPostprocessing = 0;
		};
/* End PBXResourcesBuildPhase section */

/* Begin PBXSourcesBuildPhase section */
		6878BB702103847300AB8E28 /* Sources */ = {
			isa = PBXSourcesBuildPhase;
			buildActionMask = 2147483647;
			files = (
				68840788211350C30081C70C /* dataModel.xcdatamodeld in Sources */,
				6878BB802103847300AB8E28 /* GameViewController.swift in Sources */,
				6878BBB62103853700AB8E28 /* mainScene.swift in Sources */,
				686A655121157B800030C298 /* NaviBar.swift in Sources */,
				686A65552116154C0030C298 /* Card.swift in Sources */,
				68EB58C6210E27980077BF7D /* battleScene.swift in Sources */,
				6878BB782103847300AB8E28 /* AppDelegate.swift in Sources */,
				6878BBBD2103925900AB8E28 /* fightSelectScene.swift in Sources */,
				6878BBB82103854900AB8E28 /* SKButton.swift in Sources */,
				68E90B60210CCF5900F848CF /* DataType.swift in Sources */,
				68E478AC211B24FF003440E9 /* PlayerOfBlackJack.swift in Sources */,
				68DA4FA42103A5CA0000ED93 /* HouseItem.swift in Sources */,
				68E90B62210CD45200F848CF /* DataManager.swift in Sources */,
				689D451921076A2900C78489 /* SKScrollNode.swift in Sources */,
			);
			runOnlyForDeploymentPostprocessing = 0;
		};
		6878BB8A2103847500AB8E28 /* Sources */ = {
			isa = PBXSourcesBuildPhase;
			buildActionMask = 2147483647;
			files = (
				6878BB932103847500AB8E28 /* myDreamUITests.swift in Sources */,
			);
			runOnlyForDeploymentPostprocessing = 0;
		};
/* End PBXSourcesBuildPhase section */

/* Begin PBXTargetDependency section */
		6878BB902103847500AB8E28 /* PBXTargetDependency */ = {
			isa = PBXTargetDependency;
			target = 6878BB732103847300AB8E28 /* myDream */;
			targetProxy = 6878BB8F2103847500AB8E28 /* PBXContainerItemProxy */;
		};
/* End PBXTargetDependency section */

/* Begin PBXVariantGroup section */
		6878BB812103847300AB8E28 /* Main.storyboard */ = {
			isa = PBXVariantGroup;
			children = (
				6878BB822103847300AB8E28 /* Base */,
			);
			name = Main.storyboard;
			sourceTree = "<group>";
		};
		6878BB862103847400AB8E28 /* LaunchScreen.storyboard */ = {
			isa = PBXVariantGroup;
			children = (
				6878BB872103847400AB8E28 /* Base */,
			);
			name = LaunchScreen.storyboard;
			sourceTree = "<group>";
		};
/* End PBXVariantGroup section */

/* Begin XCBuildConfiguration section */
		6878BB952103847500AB8E28 /* Debug */ = {
			isa = XCBuildConfiguration;
			buildSettings = {
				ALWAYS_SEARCH_USER_PATHS = NO;
				CLANG_ANALYZER_NONNULL = YES;
				CLANG_ANALYZER_NUMBER_OBJECT_CONVERSION = YES_AGGRESSIVE;
				CLANG_CXX_LANGUAGE_STANDARD = "gnu++14";
				CLANG_CXX_LIBRARY = "libc++";
				CLANG_ENABLE_MODULES = YES;
				CLANG_ENABLE_OBJC_ARC = YES;
				CLANG_ENABLE_OBJC_WEAK = YES;
				CLANG_WARN_BLOCK_CAPTURE_AUTORELEASING = YES;
				CLANG_WARN_BOOL_CONVERSION = YES;
				CLANG_WARN_COMMA = YES;
				CLANG_WARN_CONSTANT_CONVERSION = YES;
				CLANG_WARN_DEPRECATED_OBJC_IMPLEMENTATIONS = YES;
				CLANG_WARN_DIRECT_OBJC_ISA_USAGE = YES_ERROR;
				CLANG_WARN_DOCUMENTATION_COMMENTS = YES;
				CLANG_WARN_EMPTY_BODY = YES;
				CLANG_WARN_ENUM_CONVERSION = YES;
				CLANG_WARN_INFINITE_RECURSION = YES;
				CLANG_WARN_INT_CONVERSION = YES;
				CLANG_WARN_NON_LITERAL_NULL_CONVERSION = YES;
				CLANG_WARN_OBJC_IMPLICIT_RETAIN_SELF = YES;
				CLANG_WARN_OBJC_LITERAL_CONVERSION = YES;
				CLANG_WARN_OBJC_ROOT_CLASS = YES_ERROR;
				CLANG_WARN_RANGE_LOOP_ANALYSIS = YES;
				CLANG_WARN_STRICT_PROTOTYPES = YES;
				CLANG_WARN_SUSPICIOUS_MOVE = YES;
				CLANG_WARN_UNGUARDED_AVAILABILITY = YES_AGGRESSIVE;
				CLANG_WARN_UNREACHABLE_CODE = YES;
				CLANG_WARN__DUPLICATE_METHOD_MATCH = YES;
				CODE_SIGN_IDENTITY = "iPhone Developer";
				COPY_PHASE_STRIP = NO;
				DEBUG_INFORMATION_FORMAT = dwarf;
				ENABLE_STRICT_OBJC_MSGSEND = YES;
				ENABLE_TESTABILITY = YES;
				GCC_C_LANGUAGE_STANDARD = gnu11;
				GCC_DYNAMIC_NO_PIC = NO;
				GCC_NO_COMMON_BLOCKS = YES;
				GCC_OPTIMIZATION_LEVEL = 0;
				GCC_PREPROCESSOR_DEFINITIONS = (
					"DEBUG=1",
					"$(inherited)",
				);
				GCC_WARN_64_TO_32_BIT_CONVERSION = YES;
				GCC_WARN_ABOUT_RETURN_TYPE = YES_ERROR;
				GCC_WARN_UNDECLARED_SELECTOR = YES;
				GCC_WARN_UNINITIALIZED_AUTOS = YES_AGGRESSIVE;
				GCC_WARN_UNUSED_FUNCTION = YES;
				GCC_WARN_UNUSED_VARIABLE = YES;
				IPHONEOS_DEPLOYMENT_TARGET = 11.4;
				MTL_ENABLE_DEBUG_INFO = YES;
				ONLY_ACTIVE_ARCH = YES;
				SDKROOT = iphoneos;
				SWIFT_ACTIVE_COMPILATION_CONDITIONS = DEBUG;
				SWIFT_OPTIMIZATION_LEVEL = "-Onone";
			};
			name = Debug;
		};
		6878BB962103847500AB8E28 /* Release */ = {
			isa = XCBuildConfiguration;
			buildSettings = {
				ALWAYS_SEARCH_USER_PATHS = NO;
				CLANG_ANALYZER_NONNULL = YES;
				CLANG_ANALYZER_NUMBER_OBJECT_CONVERSION = YES_AGGRESSIVE;
				CLANG_CXX_LANGUAGE_STANDARD = "gnu++14";
				CLANG_CXX_LIBRARY = "libc++";
				CLANG_ENABLE_MODULES = YES;
				CLANG_ENABLE_OBJC_ARC = YES;
				CLANG_ENABLE_OBJC_WEAK = YES;
				CLANG_WARN_BLOCK_CAPTURE_AUTORELEASING = YES;
				CLANG_WARN_BOOL_CONVERSION = YES;
				CLANG_WARN_COMMA = YES;
				CLANG_WARN_CONSTANT_CONVERSION = YES;
				CLANG_WARN_DEPRECATED_OBJC_IMPLEMENTATIONS = YES;
				CLANG_WARN_DIRECT_OBJC_ISA_USAGE = YES_ERROR;
				CLANG_WARN_DOCUMENTATION_COMMENTS = YES;
				CLANG_WARN_EMPTY_BODY = YES;
				CLANG_WARN_ENUM_CONVERSION = YES;
				CLANG_WARN_INFINITE_RECURSION = YES;
				CLANG_WARN_INT_CONVERSION = YES;
				CLANG_WARN_NON_LITERAL_NULL_CONVERSION = YES;
				CLANG_WARN_OBJC_IMPLICIT_RETAIN_SELF = YES;
				CLANG_WARN_OBJC_LITERAL_CONVERSION = YES;
				CLANG_WARN_OBJC_ROOT_CLASS = YES_ERROR;
				CLANG_WARN_RANGE_LOOP_ANALYSIS = YES;
				CLANG_WARN_STRICT_PROTOTYPES = YES;
				CLANG_WARN_SUSPICIOUS_MOVE = YES;
				CLANG_WARN_UNGUARDED_AVAILABILITY = YES_AGGRESSIVE;
				CLANG_WARN_UNREACHABLE_CODE = YES;
				CLANG_WARN__DUPLICATE_METHOD_MATCH = YES;
				CODE_SIGN_IDENTITY = "iPhone Developer";
				COPY_PHASE_STRIP = NO;
				DEBUG_INFORMATION_FORMAT = "dwarf-with-dsym";
				ENABLE_NS_ASSERTIONS = NO;
				ENABLE_STRICT_OBJC_MSGSEND = YES;
				GCC_C_LANGUAGE_STANDARD = gnu11;
				GCC_NO_COMMON_BLOCKS = YES;
				GCC_WARN_64_TO_32_BIT_CONVERSION = YES;
				GCC_WARN_ABOUT_RETURN_TYPE = YES_ERROR;
				GCC_WARN_UNDECLARED_SELECTOR = YES;
				GCC_WARN_UNINITIALIZED_AUTOS = YES_AGGRESSIVE;
				GCC_WARN_UNUSED_FUNCTION = YES;
				GCC_WARN_UNUSED_VARIABLE = YES;
				IPHONEOS_DEPLOYMENT_TARGET = 11.4;
				MTL_ENABLE_DEBUG_INFO = NO;
				SDKROOT = iphoneos;
				SWIFT_COMPILATION_MODE = wholemodule;
				SWIFT_OPTIMIZATION_LEVEL = "-O";
				VALIDATE_PRODUCT = YES;
			};
			name = Release;
		};
		6878BB982103847500AB8E28 /* Debug */ = {
			isa = XCBuildConfiguration;
			buildSettings = {
				ALWAYS_EMBED_SWIFT_STANDARD_LIBRARIES = NO;
				ASSETCATALOG_COMPILER_APPICON_NAME = AppIcon;
				CODE_SIGN_STYLE = Automatic;
				DEVELOPMENT_TEAM = NB3L8L24L6;
				INFOPLIST_FILE = myDream/Info.plist;
				LD_RUNPATH_SEARCH_PATHS = (
					"$(inherited)",
					"@executable_path/Frameworks",
				);
				PRODUCT_BUNDLE_IDENTIFIER = houwan.myDream1;
				PRODUCT_NAME = "$(TARGET_NAME)";
				SWIFT_VERSION = 4.0;
				TARGETED_DEVICE_FAMILY = "1,2";
			};
			name = Debug;
		};
		6878BB992103847500AB8E28 /* Release */ = {
			isa = XCBuildConfiguration;
			buildSettings = {
				ALWAYS_EMBED_SWIFT_STANDARD_LIBRARIES = NO;
				ASSETCATALOG_COMPILER_APPICON_NAME = AppIcon;
				CODE_SIGN_STYLE = Automatic;
				DEVELOPMENT_TEAM = NB3L8L24L6;
				INFOPLIST_FILE = myDream/Info.plist;
				LD_RUNPATH_SEARCH_PATHS = (
					"$(inherited)",
					"@executable_path/Frameworks",
				);
				PRODUCT_BUNDLE_IDENTIFIER = houwan.myDream1;
				PRODUCT_NAME = "$(TARGET_NAME)";
				SWIFT_VERSION = 4.0;
				TARGETED_DEVICE_FAMILY = "1,2";
			};
			name = Release;
		};
		6878BB9B2103847500AB8E28 /* Debug */ = {
			isa = XCBuildConfiguration;
			buildSettings = {
				ALWAYS_EMBED_SWIFT_STANDARD_LIBRARIES = YES;
				CODE_SIGN_STYLE = Automatic;
				DEVELOPMENT_TEAM = S7FUA9W2Y5;
				INFOPLIST_FILE = myDreamUITests/Info.plist;
				LD_RUNPATH_SEARCH_PATHS = (
					"$(inherited)",
					"@executable_path/Frameworks",
					"@loader_path/Frameworks",
				);
				PRODUCT_BUNDLE_IDENTIFIER = houwan.myDreamUITests;
				PRODUCT_NAME = "$(TARGET_NAME)";
				SWIFT_VERSION = 4.0;
				TARGETED_DEVICE_FAMILY = "1,2";
				TEST_TARGET_NAME = myDream;
			};
			name = Debug;
		};
		6878BB9C2103847500AB8E28 /* Release */ = {
			isa = XCBuildConfiguration;
			buildSettings = {
				ALWAYS_EMBED_SWIFT_STANDARD_LIBRARIES = YES;
				CODE_SIGN_STYLE = Automatic;
				DEVELOPMENT_TEAM = S7FUA9W2Y5;
				INFOPLIST_FILE = myDreamUITests/Info.plist;
				LD_RUNPATH_SEARCH_PATHS = (
					"$(inherited)",
					"@executable_path/Frameworks",
					"@loader_path/Frameworks",
				);
				PRODUCT_BUNDLE_IDENTIFIER = houwan.myDreamUITests;
				PRODUCT_NAME = "$(TARGET_NAME)";
				SWIFT_VERSION = 4.0;
				TARGETED_DEVICE_FAMILY = "1,2";
				TEST_TARGET_NAME = myDream;
			};
			name = Release;
		};
/* End XCBuildConfiguration section */

/* Begin XCConfigurationList section */
		6878BB6F2103847300AB8E28 /* Build configuration list for PBXProject "myDream" */ = {
			isa = XCConfigurationList;
			buildConfigurations = (
				6878BB952103847500AB8E28 /* Debug */,
				6878BB962103847500AB8E28 /* Release */,
			);
			defaultConfigurationIsVisible = 0;
			defaultConfigurationName = Release;
		};
		6878BB972103847500AB8E28 /* Build configuration list for PBXNativeTarget "myDream" */ = {
			isa = XCConfigurationList;
			buildConfigurations = (
				6878BB982103847500AB8E28 /* Debug */,
				6878BB992103847500AB8E28 /* Release */,
			);
			defaultConfigurationIsVisible = 0;
			defaultConfigurationName = Release;
		};
		6878BB9A2103847500AB8E28 /* Build configuration list for PBXNativeTarget "myDreamUITests" */ = {
			isa = XCConfigurationList;
			buildConfigurations = (
				6878BB9B2103847500AB8E28 /* Debug */,
				6878BB9C2103847500AB8E28 /* Release */,
			);
			defaultConfigurationIsVisible = 0;
			defaultConfigurationName = Release;
		};
/* End XCConfigurationList section */

/* Begin XCVersionGroup section */
		68840786211350C20081C70C /* dataModel.xcdatamodeld */ = {
			isa = XCVersionGroup;
			children = (
				68840787211350C20081C70C /* dataModel.xcdatamodel */,
			);
			currentVersion = 68840787211350C20081C70C /* dataModel.xcdatamodel */;
			path = dataModel.xcdatamodeld;
			sourceTree = "<group>";
			versionGroupType = wrapper.xcdatamodel;
		};
/* End XCVersionGroup section */
	};
	rootObject = 6878BB6C2103847300AB8E28 /* Project object */;
}
